
Microsoft Visual Studio Solution File, Format Version 12.00
# Visual Studio Version 16
VisualStudioVersion = 16.0.31205.134
MinimumVisualStudioVersion = 10.0.40219.1
Project("{FAE04EC0-301F-11D3-BF4B-00C04F79EFBC}") = "QuanLyKiTucXa", "QuanLyKiTucXa\QuanLyKiTucXa.csproj", "{DA181F73-3BCF-45D4-B589-E8EDB89BB382}"
EndProject
Global
	GlobalSection(SolutionConfigurationPlatforms) = preSolution
		Debug|Any CPU = Debug|Any CPU
		Release|Any CPU = Release|Any CPU
	EndGlobalSection
	GlobalSection(ProjectConfigurationPlatforms) = postSolution
		{DA181F73-3BCF-45D4-B589-E8EDB89BB382}.Debug|Any CPU.ActiveCfg = Debug|Any CPU
		{DA181F73-3BCF-45D4-B589-E8EDB89BB382}.Debug|Any CPU.Build.0 = Debug|Any CPU
		{DA181F73-3BCF-45D4-B589-E8EDB89BB382}.Release|Any CPU.ActiveCfg = Release|Any CPU
		{DA181F73-3BCF-45D4-B589-E8EDB89BB382}.Release|Any CPU.Build.0 = Release|Any CPU
	EndGlobalSection
	GlobalSection(SolutionProperties) = preSolution
		HideSolutionNode = FALSE
	EndGlobalSection
	GlobalSection(ExtensibilityGlobals) = postSolution
		SolutionGuid = {A3CEFE01-C5D6-4224-A0A4-BFC151B91F2A}
	EndGlobalSection
EndGlobal
